
Microsoft Visual Studio Solution File, Format Version 12.00
# Visual Studio Version 17
VisualStudioVersion = 17.8.34316.72
MinimumVisualStudioVersion = 10.0.40219.1
Project("{FAE04EC0-301F-11D3-BF4B-00C04F79EFBC}") = "SalonYonetimSistemi", "Arayüz Denemesi 4\SalonYonetimSistemi.csproj", "{3F63A719-1C2A-4824-A51E-88A2E09BA580}"
EndProject
Global
	GlobalSection(SolutionConfigurationPlatforms) = preSolution
		Debug|Any CPU = Debug|Any CPU
		Release|Any CPU = Release|Any CPU
	EndGlobalSection
	GlobalSection(ProjectConfigurationPlatforms) = postSolution
		{3F63A719-1C2A-4824-A51E-88A2E09BA580}.Debug|Any CPU.ActiveCfg = Debug|Any CPU
		{3F63A719-1C2A-4824-A51E-88A2E09BA580}.Debug|Any CPU.Build.0 = Debug|Any CPU
		{3F63A719-1C2A-4824-A51E-88A2E09BA580}.Release|Any CPU.ActiveCfg = Release|Any CPU
		{3F63A719-1C2A-4824-A51E-88A2E09BA580}.Release|Any CPU.Build.0 = Release|Any CPU
	EndGlobalSection
	GlobalSection(SolutionProperties) = preSolution
		HideSolutionNode = FALSE
	EndGlobalSection
	GlobalSection(ExtensibilityGlobals) = postSolution
		SolutionGuid = {283ED4E0-6B6E-446B-AEC0-9F609E7E275D}
	EndGlobalSection
EndGlobal
